
Microsoft Visual Studio Solution File, Format Version 12.00
# Visual Studio Version 16
VisualStudioVersion = 16.0.29709.97
MinimumVisualStudioVersion = 10.0.40219.1
Project("{FAE04EC0-301F-11D3-BF4B-00C04F79EFBC}") = "CinemaManagment", "CinemaManagment\CinemaManagment.csproj", "{1FA267BF-C17E-4F6F-819E-3D35C0CBDF50}"
EndProject
Global
	GlobalSection(SolutionConfigurationPlatforms) = preSolution
		Debug|Any CPU = Debug|Any CPU
		Release|Any CPU = Release|Any CPU
	EndGlobalSection
	GlobalSection(ProjectConfigurationPlatforms) = postSolution
		{1FA267BF-C17E-4F6F-819E-3D35C0CBDF50}.Debug|Any CPU.ActiveCfg = Debug|Any CPU
		{1FA267BF-C17E-4F6F-819E-3D35C0CBDF50}.Debug|Any CPU.Build.0 = Debug|Any CPU
		{1FA267BF-C17E-4F6F-819E-3D35C0CBDF50}.Release|Any CPU.ActiveCfg = Release|Any CPU
		{1FA267BF-C17E-4F6F-819E-3D35C0CBDF50}.Release|Any CPU.Build.0 = Release|Any CPU
	EndGlobalSection
	GlobalSection(SolutionProperties) = preSolution
		HideSolutionNode = FALSE
	EndGlobalSection
	GlobalSection(ExtensibilityGlobals) = postSolution
		SolutionGuid = {E37B3E14-DCA6-41A2-A992-AD495AC5D750}
	EndGlobalSection
EndGlobal
